PODS:
  - devreply (0.3.2):
    - Flutter
  - Flutter (1.0.0)

DEPENDENCIES:
  - devreply (from `.symlinks/plugins/devreply/ios`)
  - Flutter (from `Flutter`)

EXTERNAL SOURCES:
  devreply:
    :path: ".symlinks/plugins/devreply/ios"
  Flutter:
    :path: Flutter

SPEC CHECKSUMS:
  devreply: d26ddd816480610d911eca8fc77a43e143923e82
  Flutter: e0871f40cf51350855a761d2e70bf5af5b9b5de7

PODFILE CHECKSUM: 912e34f102da91123e38965ab4e5b3fb21e195f0

COCOAPODS: 1.16.2
